
Microsoft Visual Studio Solution File, Format Version 12.00
# Visual Studio 15
VisualStudioVersion = 15.0.27703.2035
MinimumVisualStudioVersion = 10.0.40219.1
Project("{FAE04EC0-301F-11D3-BF4B-00C04F79EFBC}") = "Model", "Model\Model.csproj", "{2915BBC6-D213-4D19-8434-EE6D84793C50}"
EndProject
Project("{FAE04EC0-301F-11D3-BF4B-00C04F79EFBC}") = "DataLayer", "Data\DataLayer.csproj", "{F5D2B9F1-11E7-43C6-9297-7F8316A2CE80}"
EndProject
Project("{FAE04EC0-301F-11D3-BF4B-00C04F79EFBC}") = "SoundSendRaspberry", "SoundSendRaspberryWebService\SoundSendRaspberry.csproj", "{9B961DED-9C67-4E81-B1C9-CF8E21DDF783}"
EndProject
Global
	GlobalSection(SolutionConfigurationPlatforms) = preSolution
		Debug|Any CPU = Debug|Any CPU
		Release|Any CPU = Release|Any CPU
	EndGlobalSection
	GlobalSection(ProjectConfigurationPlatforms) = postSolution
		{2915BBC6-D213-4D19-8434-EE6D84793C50}.Debug|Any CPU.ActiveCfg = Debug|Any CPU
		{2915BBC6-D213-4D19-8434-EE6D84793C50}.Debug|Any CPU.Build.0 = Debug|Any CPU
		{2915BBC6-D213-4D19-8434-EE6D84793C50}.Release|Any CPU.ActiveCfg = Release|Any CPU
		{2915BBC6-D213-4D19-8434-EE6D84793C50}.Release|Any CPU.Build.0 = Release|Any CPU
		{F5D2B9F1-11E7-43C6-9297-7F8316A2CE80}.Debug|Any CPU.ActiveCfg = Debug|Any CPU
		{F5D2B9F1-11E7-43C6-9297-7F8316A2CE80}.Debug|Any CPU.Build.0 = Debug|Any CPU
		{F5D2B9F1-11E7-43C6-9297-7F8316A2CE80}.Release|Any CPU.ActiveCfg = Release|Any CPU
		{F5D2B9F1-11E7-43C6-9297-7F8316A2CE80}.Release|Any CPU.Build.0 = Release|Any CPU
		{9B961DED-9C67-4E81-B1C9-CF8E21DDF783}.Debug|Any CPU.ActiveCfg = Debug|Any CPU
		{9B961DED-9C67-4E81-B1C9-CF8E21DDF783}.Debug|Any CPU.Build.0 = Debug|Any CPU
		{9B961DED-9C67-4E81-B1C9-CF8E21DDF783}.Release|Any CPU.ActiveCfg = Release|Any CPU
		{9B961DED-9C67-4E81-B1C9-CF8E21DDF783}.Release|Any CPU.Build.0 = Release|Any CPU
	EndGlobalSection
	GlobalSection(SolutionProperties) = preSolution
		HideSolutionNode = FALSE
	EndGlobalSection
	GlobalSection(ExtensibilityGlobals) = postSolution
		SolutionGuid = {16EF7E94-E01A-4F46-AFF5-6E7D93C3D284}
	EndGlobalSection
EndGlobal
